
Microsoft Visual Studio Solution File, Format Version 12.00
# Visual Studio 15
VisualStudioVersion = 15.0.27130.2036
MinimumVisualStudioVersion = 10.0.40219.1
Project("{FAE04EC0-301F-11D3-BF4B-00C04F79EFBC}") = "IGEN", "IGEN\IGEN.csproj", "{0A719E0B-2370-4016-A6BB-1D40B094F027}"
EndProject
Global
	GlobalSection(SolutionConfigurationPlatforms) = preSolution
		Debug|Any CPU = Debug|Any CPU
		Release|Any CPU = Release|Any CPU
	EndGlobalSection
	GlobalSection(ProjectConfigurationPlatforms) = postSolution
		{0A719E0B-2370-4016-A6BB-1D40B094F027}.Debug|Any CPU.ActiveCfg = Debug|Any CPU
		{0A719E0B-2370-4016-A6BB-1D40B094F027}.Debug|Any CPU.Build.0 = Debug|Any CPU
		{0A719E0B-2370-4016-A6BB-1D40B094F027}.Release|Any CPU.ActiveCfg = Release|Any CPU
		{0A719E0B-2370-4016-A6BB-1D40B094F027}.Release|Any CPU.Build.0 = Release|Any CPU
	EndGlobalSection
	GlobalSection(SolutionProperties) = preSolution
		HideSolutionNode = FALSE
	EndGlobalSection
	GlobalSection(ExtensibilityGlobals) = postSolution
		SolutionGuid = {0D8EE01F-9072-4673-A283-176FBE61D878}
	EndGlobalSection
EndGlobal
